
Microsoft Visual Studio Solution File, Format Version 12.00
# Visual Studio Version 16
VisualStudioVersion = 16.0.30621.155
MinimumVisualStudioVersion = 10.0.40219.1
Project("{8BC9CEB8-8B4A-11D0-8D11-00A0C91BC942}") = "MyDBMS", "MyDBMS.vcxproj", "{807474FC-9D10-4889-874E-7EF80E3CBAD8}"
EndProject
Global
	GlobalSection(SolutionConfigurationPlatforms) = preSolution
		Debug|x64 = Debug|x64
		Debug|x86 = Debug|x86
		Release|x64 = Release|x64
		Release|x86 = Release|x86
	EndGlobalSection
	GlobalSection(ProjectConfigurationPlatforms) = postSolution
		{807474FC-9D10-4889-874E-7EF80E3CBAD8}.Debug|x64.ActiveCfg = Debug|x64
		{807474FC-9D10-4889-874E-7EF80E3CBAD8}.Debug|x64.Build.0 = Debug|x64
		{807474FC-9D10-4889-874E-7EF80E3CBAD8}.Debug|x86.ActiveCfg = Debug|Win32
		{807474FC-9D10-4889-874E-7EF80E3CBAD8}.Debug|x86.Build.0 = Debug|Win32
		{807474FC-9D10-4889-874E-7EF80E3CBAD8}.Release|x64.ActiveCfg = Release|x64
		{807474FC-9D10-4889-874E-7EF80E3CBAD8}.Release|x64.Build.0 = Release|x64
		{807474FC-9D10-4889-874E-7EF80E3CBAD8}.Release|x86.ActiveCfg = Release|Win32
		{807474FC-9D10-4889-874E-7EF80E3CBAD8}.Release|x86.Build.0 = Release|Win32
	EndGlobalSection
	GlobalSection(SolutionProperties) = preSolution
		HideSolutionNode = FALSE
	EndGlobalSection
	GlobalSection(ExtensibilityGlobals) = postSolution
		SolutionGuid = {627778EF-72E5-4FAB-8A02-21BCE24D4371}
	EndGlobalSection
EndGlobal
